
Microsoft Visual Studio Solution File, Format Version 12.00
Project("{FAE04EC0-301F-11D3-BF4B-00C04F79EFBC}") = "vanilla-webapp", "vanilla-webapp\vanilla-webapp.csproj", "{D192781E-98D0-4B87-935E-A805729BFEBC}"
EndProject
Global
	GlobalSection(SolutionConfigurationPlatforms) = preSolution
		Debug|Any CPU = Debug|Any CPU
		Release|Any CPU = Release|Any CPU
	EndGlobalSection
	GlobalSection(ProjectConfigurationPlatforms) = postSolution
		{D192781E-98D0-4B87-935E-A805729BFEBC}.Debug|Any CPU.ActiveCfg = Debug|Any CPU
		{D192781E-98D0-4B87-935E-A805729BFEBC}.Debug|Any CPU.Build.0 = Debug|Any CPU
		{D192781E-98D0-4B87-935E-A805729BFEBC}.Release|Any CPU.ActiveCfg = Release|Any CPU
		{D192781E-98D0-4B87-935E-A805729BFEBC}.Release|Any CPU.Build.0 = Release|Any CPU
	EndGlobalSection
EndGlobal
